{
  "name": "test",
  "version": "1.0.0",
  "lockfileVersion": 2,
  "requires": true,
  "packages": {
    "": {
      "name": "test",
      "version": "1.0.0",
      "license": "ISC",
      "devDependencies": {
        "nodejs-package-types": "file:../"
      }
    },
    "..": {
      "version": "1.1.1",
      "dev": true,
      "license": "ISC",
      "dependencies": {
        "fs-extra": "^11.1.0",
        "upath": "^2.0.1"
      },
      "devDependencies": {
        "@types/fs-extra": "^9.0.13",
        "@types/node": "^18.11.8",
        "@typescript-eslint/eslint-plugin": "^5.45.0",
        "@typescript-eslint/parser": "^5.45.0",
        "cross-spawn": "^7.0.3",
        "eslint": "^8.29.0",
        "eslint-config-prettier": "^8.5.0",
        "eslint-plugin-prettier": "^4.2.1",
        "gulp": "^4.0.2",
        "prettier": "^2.8.0"
      }
    },
    "node_modules/nodejs-package-types": {
      "resolved": "..",
      "link": true
    }
  },
  "dependencies": {
    "nodejs-package-types": {
      "version": "file:..",
      "requires": {
        "@types/fs-extra": "^9.0.13",
        "@types/node": "^18.11.8",
        "@typescript-eslint/eslint-plugin": "^5.45.0",
        "@typescript-eslint/parser": "^5.45.0",
        "cross-spawn": "^7.0.3",
        "eslint": "^8.29.0",
        "eslint-config-prettier": "^8.5.0",
        "eslint-plugin-prettier": "^4.2.1",
        "fs-extra": "^11.1.0",
        "gulp": "^4.0.2",
        "prettier": "^2.8.0",
        "upath": "^2.0.1"
      }
    }
  }
}
