{
  "name": "nodejs-package-types",
  "version": "1.0.2",
  "lockfileVersion": 2,
  "requires": true,
  "packages": {
    "": {
      "name": "nodejs-package-types",
      "version": "1.0.2",
      "hasInstallScript": true,
      "license": "ISC",
      "devDependencies": {
        "@types/through2": "github:dimaslanjaka/nodejs-package-types#through2"
      }
    },
    "hexo": {
      "name": "@types/hexo",
      "version": "3.8.8",
      "extraneous": true,
      "license": "MIT",
      "dependencies": {
        "@types/bluebird": "*",
        "@types/bunyan": "*",
        "@types/connect": "*",
        "@types/hexo-util": "*",
        "@types/minimist": "*",
        "@types/underscore": "*",
        "minimist": "^1.2.5",
        "moment": "^2.19.4"
      }
    },
    "hexo-bunyan": {
      "name": "@types/hexo-bunyan",
      "version": "1.0.1",
      "extraneous": true,
      "license": "MIT",
      "dependencies": {
        "@types/bunyan": "*"
      }
    },
    "hexo-log": {
      "name": "@types/hexo-log",
      "version": "0.2.3",
      "extraneous": true,
      "license": "MIT",
      "dependencies": {
        "@types/hexo-bunyan": "file:../hexo-bunyan"
      }
    },
    "node_modules/@types/expect": {
      "version": "1.20.4",
      "resolved": "https://registry.npmjs.org/@types/expect/-/expect-1.20.4.tgz",
      "integrity": "sha512-Q5Vn3yjTDyCMV50TB6VRIbQNxSE4OmZR86VSbGaNpfUolm0iePBB4KdEEHmxoY5sT2+2DIvXW0rvMDP2nHZ4Mg==",
      "dev": true
    },
    "node_modules/@types/node": {
      "version": "17.0.23",
      "resolved": "https://registry.npmjs.org/@types/node/-/node-17.0.23.tgz",
      "integrity": "sha512-UxDxWn7dl97rKVeVS61vErvw086aCYhDLyvRQZ5Rk65rZKepaFdm53GeqXaKBuOhED4e9uWq34IC3TdSdJJ2Gw==",
      "dev": true
    },
    "node_modules/@types/through2": {
      "version": "2.0.37",
      "resolved": "git+ssh://git@github.com/dimaslanjaka/nodejs-package-types.git#c5517c27c50623569345e1847cb84097e3020475",
      "dev": true,
      "license": "MIT",
      "dependencies": {
        "@types/node": "*",
        "@types/vinyl": "^2.0.6"
      }
    },
    "node_modules/@types/vinyl": {
      "version": "2.0.6",
      "resolved": "https://registry.npmjs.org/@types/vinyl/-/vinyl-2.0.6.tgz",
      "integrity": "sha512-ayJ0iOCDNHnKpKTgBG6Q6JOnHTj9zFta+3j2b8Ejza0e4cvRyMn0ZoLEmbPrTHe5YYRlDYPvPWVdV4cTaRyH7g==",
      "dev": true,
      "dependencies": {
        "@types/expect": "^1.20.4",
        "@types/node": "*"
      }
    },
    "through2": {
      "name": "@types/through2",
      "version": "2.0.37",
      "extraneous": true,
      "license": "MIT",
      "dependencies": {
        "@types/node": "*",
        "@types/vinyl": "^2.0.6"
      }
    }
  },
  "dependencies": {
    "@types/expect": {
      "version": "1.20.4",
      "resolved": "https://registry.npmjs.org/@types/expect/-/expect-1.20.4.tgz",
      "integrity": "sha512-Q5Vn3yjTDyCMV50TB6VRIbQNxSE4OmZR86VSbGaNpfUolm0iePBB4KdEEHmxoY5sT2+2DIvXW0rvMDP2nHZ4Mg==",
      "dev": true
    },
    "@types/node": {
      "version": "17.0.23",
      "resolved": "https://registry.npmjs.org/@types/node/-/node-17.0.23.tgz",
      "integrity": "sha512-UxDxWn7dl97rKVeVS61vErvw086aCYhDLyvRQZ5Rk65rZKepaFdm53GeqXaKBuOhED4e9uWq34IC3TdSdJJ2Gw==",
      "dev": true
    },
    "@types/through2": {
      "version": "git+ssh://git@github.com/dimaslanjaka/nodejs-package-types.git#c5517c27c50623569345e1847cb84097e3020475",
      "dev": true,
      "from": "@types/through2@https://github.com/dimaslanjaka/nodejs-package-types#through2",
      "requires": {
        "@types/node": "*",
        "@types/vinyl": "^2.0.6"
      }
    },
    "@types/vinyl": {
      "version": "2.0.6",
      "resolved": "https://registry.npmjs.org/@types/vinyl/-/vinyl-2.0.6.tgz",
      "integrity": "sha512-ayJ0iOCDNHnKpKTgBG6Q6JOnHTj9zFta+3j2b8Ejza0e4cvRyMn0ZoLEmbPrTHe5YYRlDYPvPWVdV4cTaRyH7g==",
      "dev": true,
      "requires": {
        "@types/expect": "^1.20.4",
        "@types/node": "*"
      }
    }
  }
}
