{
  "name": "nodejs-package-types",
  "version": "1.0.0",
  "lockfileVersion": 2,
  "requires": true,
  "packages": {
    "": {
      "name": "nodejs-package-types",
      "version": "1.0.0",
      "license": "ISC",
      "devDependencies": {
        "@types/hexo": "file:hexo",
        "@types/hexo-bunyan": "file:hexo-bunyan",
        "@types/hexo-log": "file:hexo-log",
        "@types/through2": "file:through2"
      }
    },
    "hexo": {
      "name": "@types/hexo",
      "version": "3.8.8",
      "dev": true,
      "license": "MIT",
      "dependencies": {
        "@types/bluebird": "*",
        "@types/bunyan": "*",
        "@types/connect": "*",
        "@types/hexo-util": "*",
        "@types/minimist": "*",
        "@types/underscore": "*",
        "minimist": "^1.2.5",
        "moment": "^2.19.4"
      }
    },
    "hexo-bunyan": {
      "name": "@types/hexo-bunyan",
      "version": "1.0.1",
      "dev": true,
      "license": "MIT",
      "dependencies": {
        "@types/bunyan": "*"
      }
    },
    "hexo-log": {
      "name": "@types/hexo-log",
      "version": "0.2.3",
      "dev": true,
      "license": "MIT",
      "dependencies": {
        "@types/hexo-bunyan": "file:../hexo-bunyan"
      }
    },
    "node_modules/@types/bluebird": {
      "version": "3.5.36",
      "resolved": "https://registry.npmjs.org/@types/bluebird/-/bluebird-3.5.36.tgz",
      "integrity": "sha512-HBNx4lhkxN7bx6P0++W8E289foSu8kO8GCk2unhuVggO+cE7rh9DhZUyPhUxNRG9m+5B5BTKxZQ5ZP92x/mx9Q==",
      "dev": true
    },
    "node_modules/@types/bunyan": {
      "version": "1.8.8",
      "resolved": "https://registry.npmjs.org/@types/bunyan/-/bunyan-1.8.8.tgz",
      "integrity": "sha512-Cblq+Yydg3u+sGiz2mjHjC5MPmdjY+No4qvHrF+BUhblsmSfMvsHLbOG62tPbonsqBj6sbWv1LHcsoe5Jw+/Ow==",
      "dev": true,
      "dependencies": {
        "@types/node": "*"
      }
    },
    "node_modules/@types/connect": {
      "version": "3.4.35",
      "resolved": "https://registry.npmjs.org/@types/connect/-/connect-3.4.35.tgz",
      "integrity": "sha512-cdeYyv4KWoEgpBISTxWvqYsVy444DOqehiF3fM3ne10AmJ62RSyNkUnxMJXHQWRQQX2eR94m5y1IZyDwBjV9FQ==",
      "dev": true,
      "dependencies": {
        "@types/node": "*"
      }
    },
    "node_modules/@types/hexo": {
      "resolved": "hexo",
      "link": true
    },
    "node_modules/@types/hexo-bunyan": {
      "resolved": "hexo-bunyan",
      "link": true
    },
    "node_modules/@types/hexo-log": {
      "resolved": "hexo-log",
      "link": true
    },
    "node_modules/@types/hexo-util": {
      "version": "0.6.4",
      "resolved": "https://registry.npmjs.org/@types/hexo-util/-/hexo-util-0.6.4.tgz",
      "integrity": "sha512-i46co2MpRmP6MNoVCXhRZxIVILMqfpFD4mQpVHKaIP2JL1F52nZuvOCOAmgGLaQSU90l2h+2ZZfA+jUqmBikww==",
      "dev": true,
      "dependencies": {
        "@types/node": "*"
      }
    },
    "node_modules/@types/minimist": {
      "version": "1.2.2",
      "resolved": "https://registry.npmjs.org/@types/minimist/-/minimist-1.2.2.tgz",
      "integrity": "sha512-jhuKLIRrhvCPLqwPcx6INqmKeiA5EWrsCOPhrlFSrbrmU4ZMPjj5Ul/oLCMDO98XRUIwVm78xICz4EPCektzeQ==",
      "dev": true
    },
    "node_modules/@types/node": {
      "version": "17.0.23",
      "resolved": "https://registry.npmjs.org/@types/node/-/node-17.0.23.tgz",
      "integrity": "sha512-UxDxWn7dl97rKVeVS61vErvw086aCYhDLyvRQZ5Rk65rZKepaFdm53GeqXaKBuOhED4e9uWq34IC3TdSdJJ2Gw==",
      "dev": true
    },
    "node_modules/@types/through2": {
      "resolved": "through2",
      "link": true
    },
    "node_modules/@types/underscore": {
      "version": "1.11.4",
      "resolved": "https://registry.npmjs.org/@types/underscore/-/underscore-1.11.4.tgz",
      "integrity": "sha512-uO4CD2ELOjw8tasUrAhvnn2W4A0ZECOvMjCivJr4gA9pGgjv+qxKWY9GLTMVEK8ej85BxQOocUyE7hImmSQYcg==",
      "dev": true
    },
    "node_modules/minimist": {
      "version": "1.2.6",
      "resolved": "https://registry.npmjs.org/minimist/-/minimist-1.2.6.tgz",
      "integrity": "sha512-Jsjnk4bw3YJqYzbdyBiNsPWHPfO++UGG749Cxs6peCu5Xg4nrena6OVxOYxrQTqww0Jmwt+Ref8rggumkTLz9Q==",
      "dev": true
    },
    "node_modules/moment": {
      "version": "2.29.1",
      "resolved": "https://registry.npmjs.org/moment/-/moment-2.29.1.tgz",
      "integrity": "sha512-kHmoybcPV8Sqy59DwNDY3Jefr64lK/by/da0ViFcuA4DH0vQg5Q6Ze5VimxkfQNSC+Mls/Kx53s7TjP1RhFEDQ==",
      "dev": true,
      "engines": {
        "node": "*"
      }
    },
    "through2": {
      "name": "@types/through2",
      "version": "2.0.36",
      "dev": true,
      "license": "MIT",
      "dependencies": {
        "@types/node": "*"
      }
    }
  },
  "dependencies": {
    "@types/bluebird": {
      "version": "3.5.36",
      "resolved": "https://registry.npmjs.org/@types/bluebird/-/bluebird-3.5.36.tgz",
      "integrity": "sha512-HBNx4lhkxN7bx6P0++W8E289foSu8kO8GCk2unhuVggO+cE7rh9DhZUyPhUxNRG9m+5B5BTKxZQ5ZP92x/mx9Q==",
      "dev": true
    },
    "@types/bunyan": {
      "version": "1.8.8",
      "resolved": "https://registry.npmjs.org/@types/bunyan/-/bunyan-1.8.8.tgz",
      "integrity": "sha512-Cblq+Yydg3u+sGiz2mjHjC5MPmdjY+No4qvHrF+BUhblsmSfMvsHLbOG62tPbonsqBj6sbWv1LHcsoe5Jw+/Ow==",
      "dev": true,
      "requires": {
        "@types/node": "*"
      }
    },
    "@types/connect": {
      "version": "3.4.35",
      "resolved": "https://registry.npmjs.org/@types/connect/-/connect-3.4.35.tgz",
      "integrity": "sha512-cdeYyv4KWoEgpBISTxWvqYsVy444DOqehiF3fM3ne10AmJ62RSyNkUnxMJXHQWRQQX2eR94m5y1IZyDwBjV9FQ==",
      "dev": true,
      "requires": {
        "@types/node": "*"
      }
    },
    "@types/hexo": {
      "version": "file:hexo",
      "requires": {
        "@types/bluebird": "*",
        "@types/bunyan": "*",
        "@types/connect": "*",
        "@types/hexo-util": "*",
        "@types/minimist": "*",
        "@types/underscore": "*",
        "minimist": "^1.2.5",
        "moment": "^2.19.4"
      }
    },
    "@types/hexo-bunyan": {
      "version": "file:hexo-bunyan",
      "requires": {
        "@types/bunyan": "*"
      }
    },
    "@types/hexo-log": {
      "version": "file:hexo-log",
      "requires": {
        "@types/hexo-bunyan": "file:../hexo-bunyan"
      }
    },
    "@types/hexo-util": {
      "version": "0.6.4",
      "resolved": "https://registry.npmjs.org/@types/hexo-util/-/hexo-util-0.6.4.tgz",
      "integrity": "sha512-i46co2MpRmP6MNoVCXhRZxIVILMqfpFD4mQpVHKaIP2JL1F52nZuvOCOAmgGLaQSU90l2h+2ZZfA+jUqmBikww==",
      "dev": true,
      "requires": {
        "@types/node": "*"
      }
    },
    "@types/minimist": {
      "version": "1.2.2",
      "resolved": "https://registry.npmjs.org/@types/minimist/-/minimist-1.2.2.tgz",
      "integrity": "sha512-jhuKLIRrhvCPLqwPcx6INqmKeiA5EWrsCOPhrlFSrbrmU4ZMPjj5Ul/oLCMDO98XRUIwVm78xICz4EPCektzeQ==",
      "dev": true
    },
    "@types/node": {
      "version": "17.0.23",
      "resolved": "https://registry.npmjs.org/@types/node/-/node-17.0.23.tgz",
      "integrity": "sha512-UxDxWn7dl97rKVeVS61vErvw086aCYhDLyvRQZ5Rk65rZKepaFdm53GeqXaKBuOhED4e9uWq34IC3TdSdJJ2Gw==",
      "dev": true
    },
    "@types/through2": {
      "version": "file:through2",
      "requires": {
        "@types/node": "*"
      }
    },
    "@types/underscore": {
      "version": "1.11.4",
      "resolved": "https://registry.npmjs.org/@types/underscore/-/underscore-1.11.4.tgz",
      "integrity": "sha512-uO4CD2ELOjw8tasUrAhvnn2W4A0ZECOvMjCivJr4gA9pGgjv+qxKWY9GLTMVEK8ej85BxQOocUyE7hImmSQYcg==",
      "dev": true
    },
    "minimist": {
      "version": "1.2.6",
      "resolved": "https://registry.npmjs.org/minimist/-/minimist-1.2.6.tgz",
      "integrity": "sha512-Jsjnk4bw3YJqYzbdyBiNsPWHPfO++UGG749Cxs6peCu5Xg4nrena6OVxOYxrQTqww0Jmwt+Ref8rggumkTLz9Q==",
      "dev": true
    },
    "moment": {
      "version": "2.29.1",
      "resolved": "https://registry.npmjs.org/moment/-/moment-2.29.1.tgz",
      "integrity": "sha512-kHmoybcPV8Sqy59DwNDY3Jefr64lK/by/da0ViFcuA4DH0vQg5Q6Ze5VimxkfQNSC+Mls/Kx53s7TjP1RhFEDQ==",
      "dev": true
    }
  }
}
